// !$*UTF8*$!
{
	archiveVersion = 1;
	classes = {
	};
	objectVersion = 51;
	objects = {

/* Begin PBXBuildFile section */
		431F0F2324541FE4005E4DB3 /* GoogleResponse.swift in Sources */ = {isa = PBXBuildFile; fileRef = 431F0F2224541FE4005E4DB3 /* GoogleResponse.swift */; };
		431F0F29245455A6005E4DB3 /* DataController.swift in Sources */ = {isa = PBXBuildFile; fileRef = 431F0F28245455A6005E4DB3 /* DataController.swift */; };
		431F0F2C245455BF005E4DB3 /* Vision.xcdatamodeld in Sources */ = {isa = PBXBuildFile; fileRef = 431F0F2A245455BF005E4DB3 /* Vision.xcdatamodeld */; };
		43556C972453F7A10002F9B0 /* AppDelegate.swift in Sources */ = {isa = PBXBuildFile; fileRef = 43556C962453F7A10002F9B0 /* AppDelegate.swift */; };
		43556C992453F7A10002F9B0 /* SceneDelegate.swift in Sources */ = {isa = PBXBuildFile; fileRef = 43556C982453F7A10002F9B0 /* SceneDelegate.swift */; };
		43556C9E2453F7A10002F9B0 /* Main.storyboard in Resources */ = {isa = PBXBuildFile; fileRef = 43556C9C2453F7A10002F9B0 /* Main.storyboard */; };
		43556CA02453F7A30002F9B0 /* Assets.xcassets in Resources */ = {isa = PBXBuildFile; fileRef = 43556C9F2453F7A30002F9B0 /* Assets.xcassets */; };
		43556CA32453F7A30002F9B0 /* LaunchScreen.storyboard in Resources */ = {isa = PBXBuildFile; fileRef = 43556CA12453F7A30002F9B0 /* LaunchScreen.storyboard */; };
		43556CAF2453F9570002F9B0 /* ImageRequest.swift in Sources */ = {isa = PBXBuildFile; fileRef = 43556CAE2453F9570002F9B0 /* ImageRequest.swift */; };
		43556CB12453FE5A0002F9B0 /* GoogleAPI.swift in Sources */ = {isa = PBXBuildFile; fileRef = 43556CB02453FE5A0002F9B0 /* GoogleAPI.swift */; };
		43727BC1245544D3009B4299 /* UIImage+Extension.swift in Sources */ = {isa = PBXBuildFile; fileRef = 43727BC0245544D3009B4299 /* UIImage+Extension.swift */; };
		43727BC424554B0D009B4299 /* Constants.swift in Sources */ = {isa = PBXBuildFile; fileRef = 43727BC324554B0D009B4299 /* Constants.swift */; };
		43727BC724554B4E009B4299 /* DetailTableViewCell.swift in Sources */ = {isa = PBXBuildFile; fileRef = 43727BC524554B4E009B4299 /* DetailTableViewCell.swift */; };
		43727BC824554B4E009B4299 /* DetailTableViewCell.xib in Resources */ = {isa = PBXBuildFile; fileRef = 43727BC624554B4E009B4299 /* DetailTableViewCell.xib */; };
		43727BCA24554E2C009B4299 /* ShowDetailViewController.swift in Sources */ = {isa = PBXBuildFile; fileRef = 43727BC924554E2C009B4299 /* ShowDetailViewController.swift */; };
		43727BCC24555B9C009B4299 /* SelectedDetailViewController.swift in Sources */ = {isa = PBXBuildFile; fileRef = 43727BCB24555B9C009B4299 /* SelectedDetailViewController.swift */; };
		43727BCE245560F1009B4299 /* KeyboardCheckController.swift in Sources */ = {isa = PBXBuildFile; fileRef = 43727BCD245560F1009B4299 /* KeyboardCheckController.swift */; };
		43727BD42455824A009B4299 /* PresentationManager.swift in Sources */ = {isa = PBXBuildFile; fileRef = 43727BD324558249009B4299 /* PresentationManager.swift */; };
		43727BD724558334009B4299 /* LoadingViewController.swift in Sources */ = {isa = PBXBuildFile; fileRef = 43727BD624558334009B4299 /* LoadingViewController.swift */; };
		43727BDA2455840A009B4299 /* OnboardingViewController.swift in Sources */ = {isa = PBXBuildFile; fileRef = 43727BD92455840A009B4299 /* OnboardingViewController.swift */; };
		43727BDC24558437009B4299 /* Helper.swift in Sources */ = {isa = PBXBuildFile; fileRef = 43727BDB24558436009B4299 /* Helper.swift */; };
		43727BDE245584B1009B4299 /* Slide.swift in Sources */ = {isa = PBXBuildFile; fileRef = 43727BDD245584B0009B4299 /* Slide.swift */; };
		43727BE0245585AD009B4299 /* OnboardingCollectionViewCell.swift in Sources */ = {isa = PBXBuildFile; fileRef = 43727BDF245585AD009B4299 /* OnboardingCollectionViewCell.swift */; };
		43727BE224569FE0009B4299 /* CameraController.swift in Sources */ = {isa = PBXBuildFile; fileRef = 43727BE124569FE0009B4299 /* CameraController.swift */; };
		43727BE42456A00F009B4299 /* TakeAPhotoViewController.swift in Sources */ = {isa = PBXBuildFile; fileRef = 43727BE32456A00F009B4299 /* TakeAPhotoViewController.swift */; };
		43727BE62456A193009B4299 /* TakeAPhotoCollectionViewCell.swift in Sources */ = {isa = PBXBuildFile; fileRef = 43727BE52456A193009B4299 /* TakeAPhotoCollectionViewCell.swift */; };
		EBEF209996C272E5DDA4559D /* Pods_Vision.framework in Frameworks */ = {isa = PBXBuildFile; fileRef = 25906961862B02E3A3DE2554 /* Pods_Vision.framework */; };
/* End PBXBuildFile section */

/* Begin PBXFileReference section */
		25906961862B02E3A3DE2554 /* Pods_Vision.framework */ = {isa = PBXFileReference; explicitFileType = wrapper.framework; includeInIndex = 0; path = Pods_Vision.framework; sourceTree = BUILT_PRODUCTS_DIR; };
		426A2CD2CE47878F9C5D9FB7 /* Pods-Vision.debug.xcconfig */ = {isa = PBXFileReference; includeInIndex = 1; lastKnownFileType = text.xcconfig; name = "Pods-Vision.debug.xcconfig"; path = "Target Support Files/Pods-Vision/Pods-Vision.debug.xcconfig"; sourceTree = "<group>"; };
		431F0F2224541FE4005E4DB3 /* GoogleResponse.swift */ = {isa = PBXFileReference; lastKnownFileType = sourcecode.swift; path = GoogleResponse.swift; sourceTree = "<group>"; };
		431F0F28245455A6005E4DB3 /* DataController.swift */ = {isa = PBXFileReference; fileEncoding = 4; lastKnownFileType = sourcecode.swift; path = DataController.swift; sourceTree = "<group>"; };
		431F0F2B245455BF005E4DB3 /* Vision.xcdatamodel */ = {isa = PBXFileReference; lastKnownFileType = wrapper.xcdatamodel; path = Vision.xcdatamodel; sourceTree = "<group>"; };
		43556C932453F7A10002F9B0 /* Vision.app */ = {isa = PBXFileReference; explicitFileType = wrapper.application; includeInIndex = 0; path = Vision.app; sourceTree = BUILT_PRODUCTS_DIR; };
		43556C962453F7A10002F9B0 /* AppDelegate.swift */ = {isa = PBXFileReference; lastKnownFileType = sourcecode.swift; path = AppDelegate.swift; sourceTree = "<group>"; };
		43556C982453F7A10002F9B0 /* SceneDelegate.swift */ = {isa = PBXFileReference; lastKnownFileType = sourcecode.swift; path = SceneDelegate.swift; sourceTree = "<group>"; };
		43556C9D2453F7A10002F9B0 /* Base */ = {isa = PBXFileReference; lastKnownFileType = file.storyboard; name = Base; path = Base.lproj/Main.storyboard; sourceTree = "<group>"; };
		43556C9F2453F7A30002F9B0 /* Assets.xcassets */ = {isa = PBXFileReference; lastKnownFileType = folder.assetcatalog; path = Assets.xcassets; sourceTree = "<group>"; };
		43556CA22453F7A30002F9B0 /* Base */ = {isa = PBXFileReference; lastKnownFileType = file.storyboard; name = Base; path = Base.lproj/LaunchScreen.storyboard; sourceTree = "<group>"; };
		43556CA42453F7A30002F9B0 /* Info.plist */ = {isa = PBXFileReference; lastKnownFileType = text.plist.xml; path = Info.plist; sourceTree = "<group>"; };
		43556CAE2453F9570002F9B0 /* ImageRequest.swift */ = {isa = PBXFileReference; lastKnownFileType = sourcecode.swift; path = ImageRequest.swift; sourceTree = "<group>"; };
		43556CB02453FE5A0002F9B0 /* GoogleAPI.swift */ = {isa = PBXFileReference; lastKnownFileType = sourcecode.swift; path = GoogleAPI.swift; sourceTree = "<group>"; };
		43727BC0245544D3009B4299 /* UIImage+Extension.swift */ = {isa = PBXFileReference; lastKnownFileType = sourcecode.swift; path = "UIImage+Extension.swift"; sourceTree = "<group>"; };
		43727BC324554B0D009B4299 /* Constants.swift */ = {isa = PBXFileReference; lastKnownFileType = sourcecode.swift; path = Constants.swift; sourceTree = "<group>"; };
		43727BC524554B4E009B4299 /* DetailTableViewCell.swift */ = {isa = PBXFileReference; lastKnownFileType = sourcecode.swift; path = DetailTableViewCell.swift; sourceTree = "<group>"; };
		43727BC624554B4E009B4299 /* DetailTableViewCell.xib */ = {isa = PBXFileReference; lastKnownFileType = file.xib; path = DetailTableViewCell.xib; sourceTree = "<group>"; };
		43727BC924554E2C009B4299 /* ShowDetailViewController.swift */ = {isa = PBXFileReference; lastKnownFileType = sourcecode.swift; path = ShowDetailViewController.swift; sourceTree = "<group>"; };
		43727BCB24555B9C009B4299 /* SelectedDetailViewController.swift */ = {isa = PBXFileReference; lastKnownFileType = sourcecode.swift; path = SelectedDetailViewController.swift; sourceTree = "<group>"; };
		43727BCD245560F1009B4299 /* KeyboardCheckController.swift */ = {isa = PBXFileReference; fileEncoding = 4; lastKnownFileType = sourcecode.swift; path = KeyboardCheckController.swift; sourceTree = "<group>"; };
		43727BD324558249009B4299 /* PresentationManager.swift */ = {isa = PBXFileReference; lastKnownFileType = sourcecode.swift; path = PresentationManager.swift; sourceTree = "<group>"; };
		43727BD624558334009B4299 /* LoadingViewController.swift */ = {isa = PBXFileReference; lastKnownFileType = sourcecode.swift; path = LoadingViewController.swift; sourceTree = "<group>"; };
		43727BD92455840A009B4299 /* OnboardingViewController.swift */ = {isa = PBXFileReference; lastKnownFileType = sourcecode.swift; path = OnboardingViewController.swift; sourceTree = "<group>"; };
		43727BDB24558436009B4299 /* Helper.swift */ = {isa = PBXFileReference; fileEncoding = 4; lastKnownFileType = sourcecode.swift; path = Helper.swift; sourceTree = "<group>"; };
		43727BDD245584B0009B4299 /* Slide.swift */ = {isa = PBXFileReference; fileEncoding = 4; lastKnownFileType = sourcecode.swift; path = Slide.swift; sourceTree = "<group>"; };
		43727BDF245585AD009B4299 /* OnboardingCollectionViewCell.swift */ = {isa = PBXFileReference; fileEncoding = 4; lastKnownFileType = sourcecode.swift; path = OnboardingCollectionViewCell.swift; sourceTree = "<group>"; };
		43727BE124569FE0009B4299 /* CameraController.swift */ = {isa = PBXFileReference; fileEncoding = 4; lastKnownFileType = sourcecode.swift; path = CameraController.swift; sourceTree = "<group>"; };
		43727BE32456A00F009B4299 /* TakeAPhotoViewController.swift */ = {isa = PBXFileReference; fileEncoding = 4; lastKnownFileType = sourcecode.swift; path = TakeAPhotoViewController.swift; sourceTree = "<group>"; };
		43727BE52456A193009B4299 /* TakeAPhotoCollectionViewCell.swift */ = {isa = PBXFileReference; lastKnownFileType = sourcecode.swift; path = TakeAPhotoCollectionViewCell.swift; sourceTree = "<group>"; };
		C04D62BF4FA7FC43EE68B3A3 /* Pods-Vision.release.xcconfig */ = {isa = PBXFileReference; includeInIndex = 1; lastKnownFileType = text.xcconfig; name = "Pods-Vision.release.xcconfig"; path = "Target Support Files/Pods-Vision/Pods-Vision.release.xcconfig"; sourceTree = "<group>"; };
/* End PBXFileReference section */

/* Begin PBXFrameworksBuildPhase section */
		43556C902453F7A10002F9B0 /* Frameworks */ = {
			isa = PBXFrameworksBuildPhase;
			buildActionMask = 2147483647;
			files = (
				EBEF209996C272E5DDA4559D /* Pods_Vision.framework in Frameworks */,
			);
			runOnlyForDeploymentPostprocessing = 0;
		};
/* End PBXFrameworksBuildPhase section */

/* Begin PBXGroup section */
		19076C50EE1D11EFA2F84E8F /* Pods */ = {
			isa = PBXGroup;
			children = (
				426A2CD2CE47878F9C5D9FB7 /* Pods-Vision.debug.xcconfig */,
				C04D62BF4FA7FC43EE68B3A3 /* Pods-Vision.release.xcconfig */,
			);
			path = Pods;
			sourceTree = "<group>";
		};
		431F0F2124541FCD005E4DB3 /* Decode */ = {
			isa = PBXGroup;
			children = (
				431F0F2224541FE4005E4DB3 /* GoogleResponse.swift */,
			);
			path = Decode;
			sourceTree = "<group>";
		};
		43556C8A2453F7A10002F9B0 = {
			isa = PBXGroup;
			children = (
				43556C952453F7A10002F9B0 /* Vision */,
				43556C942453F7A10002F9B0 /* Products */,
				19076C50EE1D11EFA2F84E8F /* Pods */,
				E27707A301220AD1D4E39A66 /* Frameworks */,
			);
			sourceTree = "<group>";
		};
		43556C942453F7A10002F9B0 /* Products */ = {
			isa = PBXGroup;
			children = (
				43556C932453F7A10002F9B0 /* Vision.app */,
			);
			name = Products;
			sourceTree = "<group>";
		};
		43556C952453F7A10002F9B0 /* Vision */ = {
			isa = PBXGroup;
			children = (
				43556C962453F7A10002F9B0 /* AppDelegate.swift */,
				43556C982453F7A10002F9B0 /* SceneDelegate.swift */,
				43556CA42453F7A30002F9B0 /* Info.plist */,
				43727BC324554B0D009B4299 /* Constants.swift */,
				43727BDB24558436009B4299 /* Helper.swift */,
				43727BE124569FE0009B4299 /* CameraController.swift */,
				43727BD524558253009B4299 /* PresentManager */,
				43556CAC2453F9120002F9B0 /* Model */,
				43727BBE24554455009B4299 /* View */,
				43727BBD24554435009B4299 /* Controller */,
			);
			path = Vision;
			sourceTree = "<group>";
		};
		43556CAC2453F9120002F9B0 /* Model */ = {
			isa = PBXGroup;
			children = (
				43556CAD2453F9170002F9B0 /* Encode */,
				431F0F2124541FCD005E4DB3 /* Decode */,
				43556CB02453FE5A0002F9B0 /* GoogleAPI.swift */,
				431F0F28245455A6005E4DB3 /* DataController.swift */,
				43727BDD245584B0009B4299 /* Slide.swift */,
				431F0F2A245455BF005E4DB3 /* Vision.xcdatamodeld */,
			);
			path = Model;
			sourceTree = "<group>";
		};
		43556CAD2453F9170002F9B0 /* Encode */ = {
			isa = PBXGroup;
			children = (
				43556CAE2453F9570002F9B0 /* ImageRequest.swift */,
			);
			path = Encode;
			sourceTree = "<group>";
		};
		43727BBD24554435009B4299 /* Controller */ = {
			isa = PBXGroup;
			children = (
				43727BBF245544B5009B4299 /* Extensions */,
				43727BD92455840A009B4299 /* OnboardingViewController.swift */,
				43727BC924554E2C009B4299 /* ShowDetailViewController.swift */,
				43727BCB24555B9C009B4299 /* SelectedDetailViewController.swift */,
				43727BD624558334009B4299 /* LoadingViewController.swift */,
				43727BE32456A00F009B4299 /* TakeAPhotoViewController.swift */,
			);
			path = Controller;
			sourceTree = "<group>";
		};
		43727BBE24554455009B4299 /* View */ = {
			isa = PBXGroup;
			children = (
				43727BC224554AFA009B4299 /* Cell */,
				43556C9C2453F7A10002F9B0 /* Main.storyboard */,
				43556C9F2453F7A30002F9B0 /* Assets.xcassets */,
				43556CA12453F7A30002F9B0 /* LaunchScreen.storyboard */,
			);
			path = View;
			sourceTree = "<group>";
		};
		43727BBF245544B5009B4299 /* Extensions */ = {
			isa = PBXGroup;
			children = (
				43727BCD245560F1009B4299 /* KeyboardCheckController.swift */,
				43727BC0245544D3009B4299 /* UIImage+Extension.swift */,
			);
			path = Extensions;
			sourceTree = "<group>";
		};
		43727BC224554AFA009B4299 /* Cell */ = {
			isa = PBXGroup;
			children = (
				43727BDF245585AD009B4299 /* OnboardingCollectionViewCell.swift */,
				43727BC524554B4E009B4299 /* DetailTableViewCell.swift */,
				43727BC624554B4E009B4299 /* DetailTableViewCell.xib */,
				43727BE52456A193009B4299 /* TakeAPhotoCollectionViewCell.swift */,
			);
			path = Cell;
			sourceTree = "<group>";
		};
		43727BD524558253009B4299 /* PresentManager */ = {
			isa = PBXGroup;
			children = (
				43727BD324558249009B4299 /* PresentationManager.swift */,
			);
			path = PresentManager;
			sourceTree = "<group>";
		};
		E27707A301220AD1D4E39A66 /* Frameworks */ = {
			isa = PBXGroup;
			children = (
				25906961862B02E3A3DE2554 /* Pods_Vision.framework */,
			);
			name = Frameworks;
			sourceTree = "<group>";
		};
/* End PBXGroup section */

/* Begin PBXNativeTarget section */
		43556C922453F7A10002F9B0 /* Vision */ = {
			isa = PBXNativeTarget;
			buildConfigurationList = 43556CA72453F7A30002F9B0 /* Build configuration list for PBXNativeTarget "Vision" */;
			buildPhases = (
				F799CB9E8E11808594CDDB95 /* [CP] Check Pods Manifest.lock */,
				43556C8F2453F7A10002F9B0 /* Sources */,
				43556C902453F7A10002F9B0 /* Frameworks */,
				43556C912453F7A10002F9B0 /* Resources */,
				327D72117F6433894BCFAF98 /* [CP] Embed Pods Frameworks */,
			);
			buildRules = (
			);
			dependencies = (
			);
			name = Vision;
			productName = Vision;
			productReference = 43556C932453F7A10002F9B0 /* Vision.app */;
			productType = "com.apple.product-type.application";
		};
/* End PBXNativeTarget section */

/* Begin PBXProject section */
		43556C8B2453F7A10002F9B0 /* Project object */ = {
			isa = PBXProject;
			attributes = {
				LastSwiftUpdateCheck = 1140;
				LastUpgradeCheck = 1140;
				ORGANIZATIONNAME = "Kittikawin Sontinarakul";
				TargetAttributes = {
					43556C922453F7A10002F9B0 = {
						CreatedOnToolsVersion = 11.4.1;
					};
				};
			};
			buildConfigurationList = 43556C8E2453F7A10002F9B0 /* Build configuration list for PBXProject "Vision" */;
			compatibilityVersion = "Xcode 9.3";
			developmentRegion = en;
			hasScannedForEncodings = 0;
			knownRegions = (
				en,
				Base,
			);
			mainGroup = 43556C8A2453F7A10002F9B0;
			productRefGroup = 43556C942453F7A10002F9B0 /* Products */;
			projectDirPath = "";
			projectRoot = "";
			targets = (
				43556C922453F7A10002F9B0 /* Vision */,
			);
		};
/* End PBXProject section */

/* Begin PBXResourcesBuildPhase section */
		43556C912453F7A10002F9B0 /* Resources */ = {
			isa = PBXResourcesBuildPhase;
			buildActionMask = 2147483647;
			files = (
				43556CA32453F7A30002F9B0 /* LaunchScreen.storyboard in Resources */,
				43556CA02453F7A30002F9B0 /* Assets.xcassets in Resources */,
				43727BC824554B4E009B4299 /* DetailTableViewCell.xib in Resources */,
				43556C9E2453F7A10002F9B0 /* Main.storyboard in Resources */,
			);
			runOnlyForDeploymentPostprocessing = 0;
		};
/* End PBXResourcesBuildPhase section */

/* Begin PBXShellScriptBuildPhase section */
		327D72117F6433894BCFAF98 /* [CP] Embed Pods Frameworks */ = {
			isa = PBXShellScriptBuildPhase;
			buildActionMask = 2147483647;
			files = (
			);
			inputFileListPaths = (
				"${PODS_ROOT}/Target Support Files/Pods-Vision/Pods-Vision-frameworks-${CONFIGURATION}-input-files.xcfilelist",
			);
			name = "[CP] Embed Pods Frameworks";
			outputFileListPaths = (
				"${PODS_ROOT}/Target Support Files/Pods-Vision/Pods-Vision-frameworks-${CONFIGURATION}-output-files.xcfilelist",
			);
			runOnlyForDeploymentPostprocessing = 0;
			shellPath = /bin/sh;
			shellScript = "\"${PODS_ROOT}/Target Support Files/Pods-Vision/Pods-Vision-frameworks.sh\"\n";
			showEnvVarsInLog = 0;
		};
		F799CB9E8E11808594CDDB95 /* [CP] Check Pods Manifest.lock */ = {
			isa = PBXShellScriptBuildPhase;
			buildActionMask = 2147483647;
			files = (
			);
			inputFileListPaths = (
			);
			inputPaths = (
				"${PODS_PODFILE_DIR_PATH}/Podfile.lock",
				"${PODS_ROOT}/Manifest.lock",
			);
			name = "[CP] Check Pods Manifest.lock";
			outputFileListPaths = (
			);
			outputPaths = (
				"$(DERIVED_FILE_DIR)/Pods-Vision-checkManifestLockResult.txt",
			);
			runOnlyForDeploymentPostprocessing = 0;
			shellPath = /bin/sh;
			shellScript = "diff \"${PODS_PODFILE_DIR_PATH}/Podfile.lock\" \"${PODS_ROOT}/Manifest.lock\" > /dev/null\nif [ $? != 0 ] ; then\n    # print error to STDERR\n    echo \"error: The sandbox is not in sync with the Podfile.lock. Run 'pod install' or update your CocoaPods installation.\" >&2\n    exit 1\nfi\n# This output is used by Xcode 'outputs' to avoid re-running this script phase.\necho \"SUCCESS\" > \"${SCRIPT_OUTPUT_FILE_0}\"\n";
			showEnvVarsInLog = 0;
		};
/* End PBXShellScriptBuildPhase section */

/* Begin PBXSourcesBuildPhase section */
		43556C8F2453F7A10002F9B0 /* Sources */ = {
			isa = PBXSourcesBuildPhase;
			buildActionMask = 2147483647;
			files = (
				43727BCA24554E2C009B4299 /* ShowDetailViewController.swift in Sources */,
				431F0F2C245455BF005E4DB3 /* Vision.xcdatamodeld in Sources */,
				43727BD724558334009B4299 /* LoadingViewController.swift in Sources */,
				431F0F2324541FE4005E4DB3 /* GoogleResponse.swift in Sources */,
				43727BE62456A193009B4299 /* TakeAPhotoCollectionViewCell.swift in Sources */,
				43727BD42455824A009B4299 /* PresentationManager.swift in Sources */,
				43727BCC24555B9C009B4299 /* SelectedDetailViewController.swift in Sources */,
				43727BE0245585AD009B4299 /* OnboardingCollectionViewCell.swift in Sources */,
				43727BC1245544D3009B4299 /* UIImage+Extension.swift in Sources */,
				43556C972453F7A10002F9B0 /* AppDelegate.swift in Sources */,
				43727BDC24558437009B4299 /* Helper.swift in Sources */,
				43727BCE245560F1009B4299 /* KeyboardCheckController.swift in Sources */,
				43727BC424554B0D009B4299 /* Constants.swift in Sources */,
				43556CB12453FE5A0002F9B0 /* GoogleAPI.swift in Sources */,
				43727BDA2455840A009B4299 /* OnboardingViewController.swift in Sources */,
				43727BE224569FE0009B4299 /* CameraController.swift in Sources */,
				431F0F29245455A6005E4DB3 /* DataController.swift in Sources */,
				43556C992453F7A10002F9B0 /* SceneDelegate.swift in Sources */,
				43727BDE245584B1009B4299 /* Slide.swift in Sources */,
				43727BE42456A00F009B4299 /* TakeAPhotoViewController.swift in Sources */,
				43556CAF2453F9570002F9B0 /* ImageRequest.swift in Sources */,
				43727BC724554B4E009B4299 /* DetailTableViewCell.swift in Sources */,
			);
			runOnlyForDeploymentPostprocessing = 0;
		};
/* End PBXSourcesBuildPhase section */

/* Begin PBXVariantGroup section */
		43556C9C2453F7A10002F9B0 /* Main.storyboard */ = {
			isa = PBXVariantGroup;
			children = (
				43556C9D2453F7A10002F9B0 /* Base */,
			);
			name = Main.storyboard;
			sourceTree = "<group>";
		};
		43556CA12453F7A30002F9B0 /* LaunchScreen.storyboard */ = {
			isa = PBXVariantGroup;
			children = (
				43556CA22453F7A30002F9B0 /* Base */,
			);
			name = LaunchScreen.storyboard;
			sourceTree = "<group>";
		};
/* End PBXVariantGroup section */

/* Begin XCBuildConfiguration section */
		43556CA52453F7A30002F9B0 /* Debug */ = {
			isa = XCBuildConfiguration;
			buildSettings = {
				ALWAYS_SEARCH_USER_PATHS = NO;
				CLANG_ANALYZER_NONNULL = YES;
				CLANG_ANALYZER_NUMBER_OBJECT_CONVERSION = YES_AGGRESSIVE;
				CLANG_CXX_LANGUAGE_STANDARD = "gnu++14";
				CLANG_CXX_LIBRARY = "libc++";
				CLANG_ENABLE_MODULES = YES;
				CLANG_ENABLE_OBJC_ARC = YES;
				CLANG_ENABLE_OBJC_WEAK = YES;
				CLANG_WARN_BLOCK_CAPTURE_AUTORELEASING = YES;
				CLANG_WARN_BOOL_CONVERSION = YES;
				CLANG_WARN_COMMA = YES;
				CLANG_WARN_CONSTANT_CONVERSION = YES;
				CLANG_WARN_DEPRECATED_OBJC_IMPLEMENTATIONS = YES;
				CLANG_WARN_DIRECT_OBJC_ISA_USAGE = YES_ERROR;
				CLANG_WARN_DOCUMENTATION_COMMENTS = YES;
				CLANG_WARN_EMPTY_BODY = YES;
				CLANG_WARN_ENUM_CONVERSION = YES;
				CLANG_WARN_INFINITE_RECURSION = YES;
				CLANG_WARN_INT_CONVERSION = YES;
				CLANG_WARN_NON_LITERAL_NULL_CONVERSION = YES;
				CLANG_WARN_OBJC_IMPLICIT_RETAIN_SELF = YES;
				CLANG_WARN_OBJC_LITERAL_CONVERSION = YES;
				CLANG_WARN_OBJC_ROOT_CLASS = YES_ERROR;
				CLANG_WARN_RANGE_LOOP_ANALYSIS = YES;
				CLANG_WARN_STRICT_PROTOTYPES = YES;
				CLANG_WARN_SUSPICIOUS_MOVE = YES;
				CLANG_WARN_UNGUARDED_AVAILABILITY = YES_AGGRESSIVE;
				CLANG_WARN_UNREACHABLE_CODE = YES;
				CLANG_WARN__DUPLICATE_METHOD_MATCH = YES;
				COPY_PHASE_STRIP = NO;
				DEBUG_INFORMATION_FORMAT = dwarf;
				ENABLE_STRICT_OBJC_MSGSEND = YES;
				ENABLE_TESTABILITY = YES;
				GCC_C_LANGUAGE_STANDARD = gnu11;
				GCC_DYNAMIC_NO_PIC = NO;
				GCC_NO_COMMON_BLOCKS = YES;
				GCC_OPTIMIZATION_LEVEL = 0;
				GCC_PREPROCESSOR_DEFINITIONS = (
					"DEBUG=1",
					"$(inherited)",
				);
				GCC_WARN_64_TO_32_BIT_CONVERSION = YES;
				GCC_WARN_ABOUT_RETURN_TYPE = YES_ERROR;
				GCC_WARN_UNDECLARED_SELECTOR = YES;
				GCC_WARN_UNINITIALIZED_AUTOS = YES_AGGRESSIVE;
				GCC_WARN_UNUSED_FUNCTION = YES;
				GCC_WARN_UNUSED_VARIABLE = YES;
				IPHONEOS_DEPLOYMENT_TARGET = 13.4;
				MTL_ENABLE_DEBUG_INFO = INCLUDE_SOURCE;
				MTL_FAST_MATH = YES;
				ONLY_ACTIVE_ARCH = YES;
				SDKROOT = iphoneos;
				SWIFT_ACTIVE_COMPILATION_CONDITIONS = DEBUG;
				SWIFT_OPTIMIZATION_LEVEL = "-Onone";
			};
			name = Debug;
		};
		43556CA62453F7A30002F9B0 /* Release */ = {
			isa = XCBuildConfiguration;
			buildSettings = {
				ALWAYS_SEARCH_USER_PATHS = NO;
				CLANG_ANALYZER_NONNULL = YES;
				CLANG_ANALYZER_NUMBER_OBJECT_CONVERSION = YES_AGGRESSIVE;
				CLANG_CXX_LANGUAGE_STANDARD = "gnu++14";
				CLANG_CXX_LIBRARY = "libc++";
				CLANG_ENABLE_MODULES = YES;
				CLANG_ENABLE_OBJC_ARC = YES;
				CLANG_ENABLE_OBJC_WEAK = YES;
				CLANG_WARN_BLOCK_CAPTURE_AUTORELEASING = YES;
				CLANG_WARN_BOOL_CONVERSION = YES;
				CLANG_WARN_COMMA = YES;
				CLANG_WARN_CONSTANT_CONVERSION = YES;
				CLANG_WARN_DEPRECATED_OBJC_IMPLEMENTATIONS = YES;
				CLANG_WARN_DIRECT_OBJC_ISA_USAGE = YES_ERROR;
				CLANG_WARN_DOCUMENTATION_COMMENTS = YES;
				CLANG_WARN_EMPTY_BODY = YES;
				CLANG_WARN_ENUM_CONVERSION = YES;
				CLANG_WARN_INFINITE_RECURSION = YES;
				CLANG_WARN_INT_CONVERSION = YES;
				CLANG_WARN_NON_LITERAL_NULL_CONVERSION = YES;
				CLANG_WARN_OBJC_IMPLICIT_RETAIN_SELF = YES;
				CLANG_WARN_OBJC_LITERAL_CONVERSION = YES;
				CLANG_WARN_OBJC_ROOT_CLASS = YES_ERROR;
				CLANG_WARN_RANGE_LOOP_ANALYSIS = YES;
				CLANG_WARN_STRICT_PROTOTYPES = YES;
				CLANG_WARN_SUSPICIOUS_MOVE = YES;
				CLANG_WARN_UNGUARDED_AVAILABILITY = YES_AGGRESSIVE;
				CLANG_WARN_UNREACHABLE_CODE = YES;
				CLANG_WARN__DUPLICATE_METHOD_MATCH = YES;
				COPY_PHASE_STRIP = NO;
				DEBUG_INFORMATION_FORMAT = "dwarf-with-dsym";
				ENABLE_NS_ASSERTIONS = NO;
				ENABLE_STRICT_OBJC_MSGSEND = YES;
				GCC_C_LANGUAGE_STANDARD = gnu11;
				GCC_NO_COMMON_BLOCKS = YES;
				GCC_WARN_64_TO_32_BIT_CONVERSION = YES;
				GCC_WARN_ABOUT_RETURN_TYPE = YES_ERROR;
				GCC_WARN_UNDECLARED_SELECTOR = YES;
				GCC_WARN_UNINITIALIZED_AUTOS = YES_AGGRESSIVE;
				GCC_WARN_UNUSED_FUNCTION = YES;
				GCC_WARN_UNUSED_VARIABLE = YES;
				IPHONEOS_DEPLOYMENT_TARGET = 13.4;
				MTL_ENABLE_DEBUG_INFO = NO;
				MTL_FAST_MATH = YES;
				SDKROOT = iphoneos;
				SWIFT_COMPILATION_MODE = wholemodule;
				SWIFT_OPTIMIZATION_LEVEL = "-O";
				VALIDATE_PRODUCT = YES;
			};
			name = Release;
		};
		43556CA82453F7A30002F9B0 /* Debug */ = {
			isa = XCBuildConfiguration;
			baseConfigurationReference = 426A2CD2CE47878F9C5D9FB7 /* Pods-Vision.debug.xcconfig */;
			buildSettings = {
				ASSETCATALOG_COMPILER_APPICON_NAME = AppIcon;
				CODE_SIGN_STYLE = Automatic;
				DEVELOPMENT_TEAM = G9368GD97P;
				INFOPLIST_FILE = Vision/Info.plist;
				LD_RUNPATH_SEARCH_PATHS = (
					"$(inherited)",
					"@executable_path/Frameworks",
				);
				PRODUCT_BUNDLE_IDENTIFIER = com.kittikawins.Vision;
				PRODUCT_NAME = "$(TARGET_NAME)";
				SWIFT_VERSION = 5.0;
				TARGETED_DEVICE_FAMILY = "1,2";
			};
			name = Debug;
		};
		43556CA92453F7A30002F9B0 /* Release */ = {
			isa = XCBuildConfiguration;
			baseConfigurationReference = C04D62BF4FA7FC43EE68B3A3 /* Pods-Vision.release.xcconfig */;
			buildSettings = {
				ASSETCATALOG_COMPILER_APPICON_NAME = AppIcon;
				CODE_SIGN_STYLE = Automatic;
				DEVELOPMENT_TEAM = G9368GD97P;
				INFOPLIST_FILE = Vision/Info.plist;
				LD_RUNPATH_SEARCH_PATHS = (
					"$(inherited)",
					"@executable_path/Frameworks",
				);
				PRODUCT_BUNDLE_IDENTIFIER = com.kittikawins.Vision;
				PRODUCT_NAME = "$(TARGET_NAME)";
				SWIFT_VERSION = 5.0;
				TARGETED_DEVICE_FAMILY = "1,2";
			};
			name = Release;
		};
/* End XCBuildConfiguration section */

/* Begin XCConfigurationList section */
		43556C8E2453F7A10002F9B0 /* Build configuration list for PBXProject "Vision" */ = {
			isa = XCConfigurationList;
			buildConfigurations = (
				43556CA52453F7A30002F9B0 /* Debug */,
				43556CA62453F7A30002F9B0 /* Release */,
			);
			defaultConfigurationIsVisible = 0;
			defaultConfigurationName = Release;
		};
		43556CA72453F7A30002F9B0 /* Build configuration list for PBXNativeTarget "Vision" */ = {
			isa = XCConfigurationList;
			buildConfigurations = (
				43556CA82453F7A30002F9B0 /* Debug */,
				43556CA92453F7A30002F9B0 /* Release */,
			);
			defaultConfigurationIsVisible = 0;
			defaultConfigurationName = Release;
		};
/* End XCConfigurationList section */

/* Begin XCVersionGroup section */
		431F0F2A245455BF005E4DB3 /* Vision.xcdatamodeld */ = {
			isa = XCVersionGroup;
			children = (
				431F0F2B245455BF005E4DB3 /* Vision.xcdatamodel */,
			);
			currentVersion = 431F0F2B245455BF005E4DB3 /* Vision.xcdatamodel */;
			path = Vision.xcdatamodeld;
			sourceTree = "<group>";
			versionGroupType = wrapper.xcdatamodel;
		};
/* End XCVersionGroup section */
	};
	rootObject = 43556C8B2453F7A10002F9B0 /* Project object */;
}
